
Microsoft Visual Studio Solution File, Format Version 12.00
# Visual Studio Version 17
VisualStudioVersion = 17.0.31903.59
MinimumVisualStudioVersion = 10.0.40219.1
Project("{FAE04EC0-301F-11D3-BF4B-00C04F79EFBC}") = "AspNetCoreMVC", "AspNetCoreMVC\AspNetCoreMVC.csproj", "{FEB68CD9-1633-48C9-8361-E8C31C5988EE}"
EndProject
Project("{FAE04EC0-301F-11D3-BF4B-00C04F79EFBC}") = "AspNetCoreMVC.Tests", "AspNetCoreMVC.Tests\AspNetCoreMVC.Tests.csproj", "{F62C3101-0B52-4E5B-B0C7-4D4348A76549}"
EndProject
Global
	GlobalSection(SolutionConfigurationPlatforms) = preSolution
		Debug|Any CPU = Debug|Any CPU
		Release|Any CPU = Release|Any CPU
	EndGlobalSection
	GlobalSection(SolutionProperties) = preSolution
		HideSolutionNode = FALSE
	EndGlobalSection
	GlobalSection(ProjectConfigurationPlatforms) = postSolution
		{FEB68CD9-1633-48C9-8361-E8C31C5988EE}.Debug|Any CPU.ActiveCfg = Debug|Any CPU
		{FEB68CD9-1633-48C9-8361-E8C31C5988EE}.Debug|Any CPU.Build.0 = Debug|Any CPU
		{FEB68CD9-1633-48C9-8361-E8C31C5988EE}.Release|Any CPU.ActiveCfg = Release|Any CPU
		{FEB68CD9-1633-48C9-8361-E8C31C5988EE}.Release|Any CPU.Build.0 = Release|Any CPU
		{F62C3101-0B52-4E5B-B0C7-4D4348A76549}.Debug|Any CPU.ActiveCfg = Debug|Any CPU
		{F62C3101-0B52-4E5B-B0C7-4D4348A76549}.Debug|Any CPU.Build.0 = Debug|Any CPU
		{F62C3101-0B52-4E5B-B0C7-4D4348A76549}.Release|Any CPU.ActiveCfg = Release|Any CPU
		{F62C3101-0B52-4E5B-B0C7-4D4348A76549}.Release|Any CPU.Build.0 = Release|Any CPU
	EndGlobalSection
EndGlobal
